
Microsoft Visual Studio Solution File, Format Version 12.00
Project("{FAE04EC0-301F-11D3-BF4B-00C04F79EFBC}") = "Gcp.PubSub.Poc", "Gcp.PubSub.Poc\Gcp.PubSub.Poc.csproj", "{AA4B81D2-9395-4521-97B6-4ED9539BCE2D}"
EndProject
Global
	GlobalSection(SolutionConfigurationPlatforms) = preSolution
		Debug|Any CPU = Debug|Any CPU
		Release|Any CPU = Release|Any CPU
	EndGlobalSection
	GlobalSection(ProjectConfigurationPlatforms) = postSolution
		{AA4B81D2-9395-4521-97B6-4ED9539BCE2D}.Debug|Any CPU.ActiveCfg = Debug|Any CPU
		{AA4B81D2-9395-4521-97B6-4ED9539BCE2D}.Debug|Any CPU.Build.0 = Debug|Any CPU
		{AA4B81D2-9395-4521-97B6-4ED9539BCE2D}.Release|Any CPU.ActiveCfg = Release|Any CPU
		{AA4B81D2-9395-4521-97B6-4ED9539BCE2D}.Release|Any CPU.Build.0 = Release|Any CPU
	EndGlobalSection
EndGlobal
